PODS:
  - IQKeyboardManager (5.0.7)

DEPENDENCIES:
  - IQKeyboardManager

SPEC REPOS:
  https://github.com/cocoapods/specs.git:
    - IQKeyboardManager

SPEC CHECKSUMS:
  IQKeyboardManager: 0bfa4607d39924116b5c0c8b55b5d789288b5cba

PODFILE CHECKSUM: 3e96880955f1de7a2620a8ef7e389712b96a7f85

COCOAPODS: 1.5.2
